
Microsoft Visual Studio Solution File, Format Version 12.00
# Visual Studio Version 17
VisualStudioVersion = 17.11.35312.102
MinimumVisualStudioVersion = 10.0.40219.1
Project("{FAE04EC0-301F-11D3-BF4B-00C04F79EFBC}") = "tuhoc_caro", "tuhoc_caro\tuhoc_caro.csproj", "{D056D18B-2FC6-4067-B451-6FEC8B26BA30}"
EndProject
Global
	GlobalSection(SolutionConfigurationPlatforms) = preSolution
		Debug|Any CPU = Debug|Any CPU
		Release|Any CPU = Release|Any CPU
	EndGlobalSection
	GlobalSection(ProjectConfigurationPlatforms) = postSolution
		{D056D18B-2FC6-4067-B451-6FEC8B26BA30}.Debug|Any CPU.ActiveCfg = Debug|Any CPU
		{D056D18B-2FC6-4067-B451-6FEC8B26BA30}.Debug|Any CPU.Build.0 = Debug|Any CPU
		{D056D18B-2FC6-4067-B451-6FEC8B26BA30}.Release|Any CPU.ActiveCfg = Release|Any CPU
		{D056D18B-2FC6-4067-B451-6FEC8B26BA30}.Release|Any CPU.Build.0 = Release|Any CPU
	EndGlobalSection
	GlobalSection(SolutionProperties) = preSolution
		HideSolutionNode = FALSE
	EndGlobalSection
	GlobalSection(ExtensibilityGlobals) = postSolution
		SolutionGuid = {5A5C1424-3E76-41A6-BAC5-F10110FE61FB}
	EndGlobalSection
EndGlobal
